// !$*UTF8*$!
{
	archiveVersion = 1;
	classes = {
	};
	objectVersion = 50;
	objects = {

/* Begin PBXBuildFile section */
		05B374EA222EA1B7008695F3 /* CreditCard.swift in Sources */ = {isa = PBXBuildFile; fileRef = 05B374E9222EA1B7008695F3 /* CreditCard.swift */; };
		05E1AC15222D3E0000A9895A /* ParseFont.swift in Sources */ = {isa = PBXBuildFile; fileRef = 05E1AC14222D3E0000A9895A /* ParseFont.swift */; };
		05E1AC18222D3E8B00A9895A /* EXTFont.swift in Sources */ = {isa = PBXBuildFile; fileRef = 05E1AC17222D3E8B00A9895A /* EXTFont.swift */; };
		05E1AC19222D44EE00A9895A /* FontAwesome5Free-Solid-900.otf in Resources */ = {isa = PBXBuildFile; fileRef = 05868887222D2E4500BFB2F3 /* FontAwesome5Free-Solid-900.otf */; };
		05E1AC1B222D46D300A9895A /* WalletViewController.swift in Sources */ = {isa = PBXBuildFile; fileRef = 05E1AC1A222D46D300A9895A /* WalletViewController.swift */; };
		05E1AC1D222D4A4D00A9895A /* TransactionRecordCell.swift in Sources */ = {isa = PBXBuildFile; fileRef = 05E1AC1C222D4A4D00A9895A /* TransactionRecordCell.swift */; };
		05F7C8D9222FF75400C4E499 /* FontAwesome5Brands-Regular-400.otf in Resources */ = {isa = PBXBuildFile; fileRef = 05F7C8D7222FF5C300C4E499 /* FontAwesome5Brands-Regular-400.otf */; };
		05F7C8DA222FF75800C4E499 /* Paymentfont-webfont.ttf in Resources */ = {isa = PBXBuildFile; fileRef = 05F7C8D5222FDD8D00C4E499 /* Paymentfont-webfont.ttf */; };
		4B7E68654601711ECD439E83 /* Pods_FCFAppleWallet.framework in Frameworks */ = {isa = PBXBuildFile; fileRef = 037D27936EED2EE691A7F5EC /* Pods_FCFAppleWallet.framework */; };
		EA8CCE6621BF6286003831C3 /* AppDelegate.swift in Sources */ = {isa = PBXBuildFile; fileRef = EA8CCE6521BF6286003831C3 /* AppDelegate.swift */; };
		EA8CCE6821BF6286003831C3 /* MainViewController.swift in Sources */ = {isa = PBXBuildFile; fileRef = EA8CCE6721BF6286003831C3 /* MainViewController.swift */; };
		EA8CCE6B21BF6286003831C3 /* Main.storyboard in Resources */ = {isa = PBXBuildFile; fileRef = EA8CCE6921BF6286003831C3 /* Main.storyboard */; };
		EA8CCE6D21BF6287003831C3 /* Assets.xcassets in Resources */ = {isa = PBXBuildFile; fileRef = EA8CCE6C21BF6287003831C3 /* Assets.xcassets */; };
		EA8CCE7021BF6287003831C3 /* LaunchScreen.storyboard in Resources */ = {isa = PBXBuildFile; fileRef = EA8CCE6E21BF6287003831C3 /* LaunchScreen.storyboard */; };
		EA8CCE7C21BF73C6003831C3 /* Defines.swift in Sources */ = {isa = PBXBuildFile; fileRef = EA8CCE7B21BF73C6003831C3 /* Defines.swift */; };
		EAB4E9E021C1CC5B00B75BD8 /* Extension.swift in Sources */ = {isa = PBXBuildFile; fileRef = EAB4E9DF21C1CC5B00B75BD8 /* Extension.swift */; };
		EAB4E9E221C2088F00B75BD8 /* PassKit.framework in Frameworks */ = {isa = PBXBuildFile; fileRef = EAB4E9E121C2088F00B75BD8 /* PassKit.framework */; };
		EADA26CF222DE1FF0042BC5A /* EXTUserInterface.swift in Sources */ = {isa = PBXBuildFile; fileRef = EADA26CE222DE1FF0042BC5A /* EXTUserInterface.swift */; };
		EADA26D1222E2C170042BC5A /* CreditCardPickerView.swift in Sources */ = {isa = PBXBuildFile; fileRef = EADA26D0222E2C170042BC5A /* CreditCardPickerView.swift */; };
/* End PBXBuildFile section */

/* Begin PBXFileReference section */
		037D27936EED2EE691A7F5EC /* Pods_FCFAppleWallet.framework */ = {isa = PBXFileReference; explicitFileType = wrapper.framework; includeInIndex = 0; path = Pods_FCFAppleWallet.framework; sourceTree = BUILT_PRODUCTS_DIR; };
		05868887222D2E4500BFB2F3 /* FontAwesome5Free-Solid-900.otf */ = {isa = PBXFileReference; lastKnownFileType = file; path = "FontAwesome5Free-Solid-900.otf"; sourceTree = "<group>"; };
		05B374E9222EA1B7008695F3 /* CreditCard.swift */ = {isa = PBXFileReference; lastKnownFileType = sourcecode.swift; path = CreditCard.swift; sourceTree = "<group>"; };
		05E1AC14222D3E0000A9895A /* ParseFont.swift */ = {isa = PBXFileReference; lastKnownFileType = sourcecode.swift; path = ParseFont.swift; sourceTree = "<group>"; };
		05E1AC17222D3E8B00A9895A /* EXTFont.swift */ = {isa = PBXFileReference; lastKnownFileType = sourcecode.swift; path = EXTFont.swift; sourceTree = "<group>"; };
		05E1AC1A222D46D300A9895A /* WalletViewController.swift */ = {isa = PBXFileReference; lastKnownFileType = sourcecode.swift; path = WalletViewController.swift; sourceTree = "<group>"; };
		05E1AC1C222D4A4D00A9895A /* TransactionRecordCell.swift */ = {isa = PBXFileReference; lastKnownFileType = sourcecode.swift; path = TransactionRecordCell.swift; sourceTree = "<group>"; };
		05F7C8D5222FDD8D00C4E499 /* Paymentfont-webfont.ttf */ = {isa = PBXFileReference; lastKnownFileType = file; path = "Paymentfont-webfont.ttf"; sourceTree = "<group>"; };
		05F7C8D7222FF5C300C4E499 /* FontAwesome5Brands-Regular-400.otf */ = {isa = PBXFileReference; lastKnownFileType = file; path = "FontAwesome5Brands-Regular-400.otf"; sourceTree = "<group>"; };
		578F9471F7258DFCFB57E050 /* Pods-FCFAppleWallet.debug.xcconfig */ = {isa = PBXFileReference; includeInIndex = 1; lastKnownFileType = text.xcconfig; name = "Pods-FCFAppleWallet.debug.xcconfig"; path = "Pods/Target Support Files/Pods-FCFAppleWallet/Pods-FCFAppleWallet.debug.xcconfig"; sourceTree = "<group>"; };
		8101AB4E0577777D0896D9D8 /* Pods-FCFAppleWallet.release.xcconfig */ = {isa = PBXFileReference; includeInIndex = 1; lastKnownFileType = text.xcconfig; name = "Pods-FCFAppleWallet.release.xcconfig"; path = "Pods/Target Support Files/Pods-FCFAppleWallet/Pods-FCFAppleWallet.release.xcconfig"; sourceTree = "<group>"; };
		EA8CCE6221BF6286003831C3 /* FCFAppleWallet.app */ = {isa = PBXFileReference; explicitFileType = wrapper.application; includeInIndex = 0; path = FCFAppleWallet.app; sourceTree = BUILT_PRODUCTS_DIR; };
		EA8CCE6521BF6286003831C3 /* AppDelegate.swift */ = {isa = PBXFileReference; lastKnownFileType = sourcecode.swift; path = AppDelegate.swift; sourceTree = "<group>"; };
		EA8CCE6721BF6286003831C3 /* MainViewController.swift */ = {isa = PBXFileReference; lastKnownFileType = sourcecode.swift; path = MainViewController.swift; sourceTree = "<group>"; };
		EA8CCE6A21BF6286003831C3 /* Base */ = {isa = PBXFileReference; lastKnownFileType = file.storyboard; name = Base; path = Base.lproj/Main.storyboard; sourceTree = "<group>"; };
		EA8CCE6C21BF6287003831C3 /* Assets.xcassets */ = {isa = PBXFileReference; lastKnownFileType = folder.assetcatalog; path = Assets.xcassets; sourceTree = "<group>"; };
		EA8CCE6F21BF6287003831C3 /* Base */ = {isa = PBXFileReference; lastKnownFileType = file.storyboard; name = Base; path = Base.lproj/LaunchScreen.storyboard; sourceTree = "<group>"; };
		EA8CCE7121BF6287003831C3 /* Info.plist */ = {isa = PBXFileReference; lastKnownFileType = text.plist.xml; path = Info.plist; sourceTree = "<group>"; };
		EA8CCE7721BF62CC003831C3 /* FCFAppleWallet.entitlements */ = {isa = PBXFileReference; lastKnownFileType = text.plist.entitlements; path = FCFAppleWallet.entitlements; sourceTree = "<group>"; };
		EA8CCE7B21BF73C6003831C3 /* Defines.swift */ = {isa = PBXFileReference; lastKnownFileType = sourcecode.swift; path = Defines.swift; sourceTree = "<group>"; };
		EAB4E9D621C1BB9A00B75BD8 /* Development.xcconfig */ = {isa = PBXFileReference; lastKnownFileType = text.xcconfig; path = Development.xcconfig; sourceTree = "<group>"; };
		EAB4E9D821C1BBB400B75BD8 /* Release.xcconfig */ = {isa = PBXFileReference; lastKnownFileType = text.xcconfig; path = Release.xcconfig; sourceTree = "<group>"; };
		EAB4E9DF21C1CC5B00B75BD8 /* Extension.swift */ = {isa = PBXFileReference; lastKnownFileType = sourcecode.swift; path = Extension.swift; sourceTree = "<group>"; };
		EAB4E9E121C2088F00B75BD8 /* PassKit.framework */ = {isa = PBXFileReference; lastKnownFileType = wrapper.framework; name = PassKit.framework; path = System/Library/Frameworks/PassKit.framework; sourceTree = SDKROOT; };
		EADA26CE222DE1FF0042BC5A /* EXTUserInterface.swift */ = {isa = PBXFileReference; lastKnownFileType = sourcecode.swift; path = EXTUserInterface.swift; sourceTree = "<group>"; };
		EADA26D0222E2C170042BC5A /* CreditCardPickerView.swift */ = {isa = PBXFileReference; lastKnownFileType = sourcecode.swift; path = CreditCardPickerView.swift; sourceTree = "<group>"; };
/* End PBXFileReference section */

/* Begin PBXFrameworksBuildPhase section */
		EA8CCE5F21BF6286003831C3 /* Frameworks */ = {
			isa = PBXFrameworksBuildPhase;
			buildActionMask = 2147483647;
			files = (
				EAB4E9E221C2088F00B75BD8 /* PassKit.framework in Frameworks */,
				4B7E68654601711ECD439E83 /* Pods_FCFAppleWallet.framework in Frameworks */,
			);
			runOnlyForDeploymentPostprocessing = 0;
		};
/* End PBXFrameworksBuildPhase section */

/* Begin PBXGroup section */
		05868885222D2B3700BFB2F3 /* View */ = {
			isa = PBXGroup;
			children = (
				05E1AC1C222D4A4D00A9895A /* TransactionRecordCell.swift */,
				EADA26D0222E2C170042BC5A /* CreditCardPickerView.swift */,
				05B374E9222EA1B7008695F3 /* CreditCard.swift */,
			);
			path = View;
			sourceTree = "<group>";
		};
		05868886222D2DCC00BFB2F3 /* Fonts */ = {
			isa = PBXGroup;
			children = (
				05F7C8D5222FDD8D00C4E499 /* Paymentfont-webfont.ttf */,
				05F7C8D7222FF5C300C4E499 /* FontAwesome5Brands-Regular-400.otf */,
				05868887222D2E4500BFB2F3 /* FontAwesome5Free-Solid-900.otf */,
			);
			path = Fonts;
			sourceTree = "<group>";
		};
		05E1AC13222D3C5400A9895A /* Model */ = {
			isa = PBXGroup;
			children = (
				05E1AC14222D3E0000A9895A /* ParseFont.swift */,
			);
			path = Model;
			sourceTree = "<group>";
		};
		05E1AC16222D3E7300A9895A /* Extensions */ = {
			isa = PBXGroup;
			children = (
				05E1AC17222D3E8B00A9895A /* EXTFont.swift */,
				EADA26CE222DE1FF0042BC5A /* EXTUserInterface.swift */,
			);
			path = Extensions;
			sourceTree = "<group>";
		};
		9B7E85A0DD3A6A76BE6BF798 /* Pods */ = {
			isa = PBXGroup;
			children = (
				578F9471F7258DFCFB57E050 /* Pods-FCFAppleWallet.debug.xcconfig */,
				8101AB4E0577777D0896D9D8 /* Pods-FCFAppleWallet.release.xcconfig */,
			);
			name = Pods;
			sourceTree = "<group>";
		};
		EA8CCE5921BF6286003831C3 = {
			isa = PBXGroup;
			children = (
				EA8CCE6421BF6286003831C3 /* FCFAppleWallet */,
				EA8CCE6321BF6286003831C3 /* Products */,
				EA8CCE7821BF62CC003831C3 /* Frameworks */,
				9B7E85A0DD3A6A76BE6BF798 /* Pods */,
			);
			sourceTree = "<group>";
		};
		EA8CCE6321BF6286003831C3 /* Products */ = {
			isa = PBXGroup;
			children = (
				EA8CCE6221BF6286003831C3 /* FCFAppleWallet.app */,
			);
			name = Products;
			sourceTree = "<group>";
		};
		EA8CCE6421BF6286003831C3 /* FCFAppleWallet */ = {
			isa = PBXGroup;
			children = (
				EAB4E9D321C1BB4900B75BD8 /* Config */,
				05E1AC16222D3E7300A9895A /* Extensions */,
				05E1AC13222D3C5400A9895A /* Model */,
				05868885222D2B3700BFB2F3 /* View */,
				EAB4E9D421C1BB5000B75BD8 /* ViewControllers */,
				EAB4E9D221C1BB0700B75BD8 /* Supports */,
				EA8CCE7721BF62CC003831C3 /* FCFAppleWallet.entitlements */,
				EA8CCE6521BF6286003831C3 /* AppDelegate.swift */,
				EA8CCE6921BF6286003831C3 /* Main.storyboard */,
			);
			path = FCFAppleWallet;
			sourceTree = "<group>";
		};
		EA8CCE7821BF62CC003831C3 /* Frameworks */ = {
			isa = PBXGroup;
			children = (
				EAB4E9E121C2088F00B75BD8 /* PassKit.framework */,
				037D27936EED2EE691A7F5EC /* Pods_FCFAppleWallet.framework */,
			);
			name = Frameworks;
			sourceTree = "<group>";
		};
		EAB4E9D221C1BB0700B75BD8 /* Supports */ = {
			isa = PBXGroup;
			children = (
				05868886222D2DCC00BFB2F3 /* Fonts */,
				EA8CCE6C21BF6287003831C3 /* Assets.xcassets */,
				EA8CCE6E21BF6287003831C3 /* LaunchScreen.storyboard */,
				EA8CCE7121BF6287003831C3 /* Info.plist */,
				EA8CCE7B21BF73C6003831C3 /* Defines.swift */,
				EAB4E9DF21C1CC5B00B75BD8 /* Extension.swift */,
			);
			path = Supports;
			sourceTree = "<group>";
		};
		EAB4E9D321C1BB4900B75BD8 /* Config */ = {
			isa = PBXGroup;
			children = (
				EAB4E9D621C1BB9A00B75BD8 /* Development.xcconfig */,
				EAB4E9D821C1BBB400B75BD8 /* Release.xcconfig */,
			);
			path = Config;
			sourceTree = "<group>";
		};
		EAB4E9D421C1BB5000B75BD8 /* ViewControllers */ = {
			isa = PBXGroup;
			children = (
				EA8CCE6721BF6286003831C3 /* MainViewController.swift */,
				05E1AC1A222D46D300A9895A /* WalletViewController.swift */,
			);
			path = ViewControllers;
			sourceTree = "<group>";
		};
/* End PBXGroup section */

/* Begin PBXNativeTarget section */
		EA8CCE6121BF6286003831C3 /* FCFAppleWallet */ = {
			isa = PBXNativeTarget;
			buildConfigurationList = EA8CCE7421BF6287003831C3 /* Build configuration list for PBXNativeTarget "FCFAppleWallet" */;
			buildPhases = (
				BD739BBCEBAF07B8C352D14A /* [CP] Check Pods Manifest.lock */,
				EA8CCE5E21BF6286003831C3 /* Sources */,
				EA8CCE5F21BF6286003831C3 /* Frameworks */,
				EA8CCE6021BF6286003831C3 /* Resources */,
			);
			buildRules = (
			);
			dependencies = (
			);
			name = FCFAppleWallet;
			productName = FCFAppleWallet;
			productReference = EA8CCE6221BF6286003831C3 /* FCFAppleWallet.app */;
			productType = "com.apple.product-type.application";
		};
/* End PBXNativeTarget section */

/* Begin PBXProject section */
		EA8CCE5A21BF6286003831C3 /* Project object */ = {
			isa = PBXProject;
			attributes = {
				LastSwiftUpdateCheck = 1010;
				LastUpgradeCheck = 1010;
				ORGANIZATIONNAME = "Liguo Jiao";
				TargetAttributes = {
					EA8CCE6121BF6286003831C3 = {
						CreatedOnToolsVersion = 10.1;
						SystemCapabilities = {
							com.apple.Wallet = {
								enabled = 1;
							};
						};
					};
				};
			};
			buildConfigurationList = EA8CCE5D21BF6286003831C3 /* Build configuration list for PBXProject "FCFAppleWallet" */;
			compatibilityVersion = "Xcode 9.3";
			developmentRegion = en;
			hasScannedForEncodings = 0;
			knownRegions = (
				en,
				Base,
			);
			mainGroup = EA8CCE5921BF6286003831C3;
			productRefGroup = EA8CCE6321BF6286003831C3 /* Products */;
			projectDirPath = "";
			projectRoot = "";
			targets = (
				EA8CCE6121BF6286003831C3 /* FCFAppleWallet */,
			);
		};
/* End PBXProject section */

/* Begin PBXResourcesBuildPhase section */
		EA8CCE6021BF6286003831C3 /* Resources */ = {
			isa = PBXResourcesBuildPhase;
			buildActionMask = 2147483647;
			files = (
				05F7C8DA222FF75800C4E499 /* Paymentfont-webfont.ttf in Resources */,
				EA8CCE7021BF6287003831C3 /* LaunchScreen.storyboard in Resources */,
				EA8CCE6D21BF6287003831C3 /* Assets.xcassets in Resources */,
				05E1AC19222D44EE00A9895A /* FontAwesome5Free-Solid-900.otf in Resources */,
				EA8CCE6B21BF6286003831C3 /* Main.storyboard in Resources */,
				05F7C8D9222FF75400C4E499 /* FontAwesome5Brands-Regular-400.otf in Resources */,
			);
			runOnlyForDeploymentPostprocessing = 0;
		};
/* End PBXResourcesBuildPhase section */

/* Begin PBXShellScriptBuildPhase section */
		BD739BBCEBAF07B8C352D14A /* [CP] Check Pods Manifest.lock */ = {
			isa = PBXShellScriptBuildPhase;
			buildActionMask = 2147483647;
			files = (
			);
			inputFileListPaths = (
			);
			inputPaths = (
				"${PODS_PODFILE_DIR_PATH}/Podfile.lock",
				"${PODS_ROOT}/Manifest.lock",
			);
			name = "[CP] Check Pods Manifest.lock";
			outputFileListPaths = (
			);
			outputPaths = (
				"$(DERIVED_FILE_DIR)/Pods-FCFAppleWallet-checkManifestLockResult.txt",
			);
			runOnlyForDeploymentPostprocessing = 0;
			shellPath = /bin/sh;
			shellScript = "diff \"${PODS_PODFILE_DIR_PATH}/Podfile.lock\" \"${PODS_ROOT}/Manifest.lock\" > /dev/null\nif [ $? != 0 ] ; then\n    # print error to STDERR\n    echo \"error: The sandbox is not in sync with the Podfile.lock. Run 'pod install' or update your CocoaPods installation.\" >&2\n    exit 1\nfi\n# This output is used by Xcode 'outputs' to avoid re-running this script phase.\necho \"SUCCESS\" > \"${SCRIPT_OUTPUT_FILE_0}\"\n";
			showEnvVarsInLog = 0;
		};
/* End PBXShellScriptBuildPhase section */

/* Begin PBXSourcesBuildPhase section */
		EA8CCE5E21BF6286003831C3 /* Sources */ = {
			isa = PBXSourcesBuildPhase;
			buildActionMask = 2147483647;
			files = (
				05E1AC18222D3E8B00A9895A /* EXTFont.swift in Sources */,
				EA8CCE6821BF6286003831C3 /* MainViewController.swift in Sources */,
				05E1AC1B222D46D300A9895A /* WalletViewController.swift in Sources */,
				EADA26D1222E2C170042BC5A /* CreditCardPickerView.swift in Sources */,
				EADA26CF222DE1FF0042BC5A /* EXTUserInterface.swift in Sources */,
				05B374EA222EA1B7008695F3 /* CreditCard.swift in Sources */,
				05E1AC1D222D4A4D00A9895A /* TransactionRecordCell.swift in Sources */,
				EA8CCE6621BF6286003831C3 /* AppDelegate.swift in Sources */,
				EA8CCE7C21BF73C6003831C3 /* Defines.swift in Sources */,
				05E1AC15222D3E0000A9895A /* ParseFont.swift in Sources */,
				EAB4E9E021C1CC5B00B75BD8 /* Extension.swift in Sources */,
			);
			runOnlyForDeploymentPostprocessing = 0;
		};
/* End PBXSourcesBuildPhase section */

/* Begin PBXVariantGroup section */
		EA8CCE6921BF6286003831C3 /* Main.storyboard */ = {
			isa = PBXVariantGroup;
			children = (
				EA8CCE6A21BF6286003831C3 /* Base */,
			);
			name = Main.storyboard;
			sourceTree = "<group>";
		};
		EA8CCE6E21BF6287003831C3 /* LaunchScreen.storyboard */ = {
			isa = PBXVariantGroup;
			children = (
				EA8CCE6F21BF6287003831C3 /* Base */,
			);
			name = LaunchScreen.storyboard;
			sourceTree = "<group>";
		};
/* End PBXVariantGroup section */

/* Begin XCBuildConfiguration section */
		EA8CCE7221BF6287003831C3 /* Debug */ = {
			isa = XCBuildConfiguration;
			baseConfigurationReference = EAB4E9D621C1BB9A00B75BD8 /* Development.xcconfig */;
			buildSettings = {
				ALWAYS_SEARCH_USER_PATHS = NO;
				CLANG_ANALYZER_NONNULL = YES;
				CLANG_ANALYZER_NUMBER_OBJECT_CONVERSION = YES_AGGRESSIVE;
				CLANG_CXX_LANGUAGE_STANDARD = "gnu++14";
				CLANG_CXX_LIBRARY = "libc++";
				CLANG_ENABLE_MODULES = YES;
				CLANG_ENABLE_OBJC_ARC = YES;
				CLANG_ENABLE_OBJC_WEAK = YES;
				CLANG_WARN_BLOCK_CAPTURE_AUTORELEASING = YES;
				CLANG_WARN_BOOL_CONVERSION = YES;
				CLANG_WARN_COMMA = YES;
				CLANG_WARN_CONSTANT_CONVERSION = YES;
				CLANG_WARN_DEPRECATED_OBJC_IMPLEMENTATIONS = YES;
				CLANG_WARN_DIRECT_OBJC_ISA_USAGE = YES_ERROR;
				CLANG_WARN_DOCUMENTATION_COMMENTS = YES;
				CLANG_WARN_EMPTY_BODY = YES;
				CLANG_WARN_ENUM_CONVERSION = YES;
				CLANG_WARN_INFINITE_RECURSION = YES;
				CLANG_WARN_INT_CONVERSION = YES;
				CLANG_WARN_NON_LITERAL_NULL_CONVERSION = YES;
				CLANG_WARN_OBJC_IMPLICIT_RETAIN_SELF = YES;
				CLANG_WARN_OBJC_LITERAL_CONVERSION = YES;
				CLANG_WARN_OBJC_ROOT_CLASS = YES_ERROR;
				CLANG_WARN_RANGE_LOOP_ANALYSIS = YES;
				CLANG_WARN_STRICT_PROTOTYPES = YES;
				CLANG_WARN_SUSPICIOUS_MOVE = YES;
				CLANG_WARN_UNGUARDED_AVAILABILITY = YES_AGGRESSIVE;
				CLANG_WARN_UNREACHABLE_CODE = YES;
				CLANG_WARN__DUPLICATE_METHOD_MATCH = YES;
				CODE_SIGN_IDENTITY = "iPhone Developer";
				COPY_PHASE_STRIP = NO;
				DEBUG_INFORMATION_FORMAT = dwarf;
				ENABLE_STRICT_OBJC_MSGSEND = YES;
				ENABLE_TESTABILITY = YES;
				GCC_C_LANGUAGE_STANDARD = gnu11;
				GCC_DYNAMIC_NO_PIC = NO;
				GCC_NO_COMMON_BLOCKS = YES;
				GCC_OPTIMIZATION_LEVEL = 0;
				GCC_PREPROCESSOR_DEFINITIONS = (
					"DEBUG=1",
					"$(inherited)",
				);
				GCC_WARN_64_TO_32_BIT_CONVERSION = YES;
				GCC_WARN_ABOUT_RETURN_TYPE = YES_ERROR;
				GCC_WARN_UNDECLARED_SELECTOR = YES;
				GCC_WARN_UNINITIALIZED_AUTOS = YES_AGGRESSIVE;
				GCC_WARN_UNUSED_FUNCTION = YES;
				GCC_WARN_UNUSED_VARIABLE = YES;
				IPHONEOS_DEPLOYMENT_TARGET = 12.1;
				MTL_ENABLE_DEBUG_INFO = INCLUDE_SOURCE;
				MTL_FAST_MATH = YES;
				ONLY_ACTIVE_ARCH = YES;
				SDKROOT = iphoneos;
				SWIFT_ACTIVE_COMPILATION_CONDITIONS = DEBUG;
				SWIFT_OPTIMIZATION_LEVEL = "-Onone";
			};
			name = Debug;
		};
		EA8CCE7321BF6287003831C3 /* Release */ = {
			isa = XCBuildConfiguration;
			baseConfigurationReference = EAB4E9D821C1BBB400B75BD8 /* Release.xcconfig */;
			buildSettings = {
				ALWAYS_SEARCH_USER_PATHS = NO;
				CLANG_ANALYZER_NONNULL = YES;
				CLANG_ANALYZER_NUMBER_OBJECT_CONVERSION = YES_AGGRESSIVE;
				CLANG_CXX_LANGUAGE_STANDARD = "gnu++14";
				CLANG_CXX_LIBRARY = "libc++";
				CLANG_ENABLE_MODULES = YES;
				CLANG_ENABLE_OBJC_ARC = YES;
				CLANG_ENABLE_OBJC_WEAK = YES;
				CLANG_WARN_BLOCK_CAPTURE_AUTORELEASING = YES;
				CLANG_WARN_BOOL_CONVERSION = YES;
				CLANG_WARN_COMMA = YES;
				CLANG_WARN_CONSTANT_CONVERSION = YES;
				CLANG_WARN_DEPRECATED_OBJC_IMPLEMENTATIONS = YES;
				CLANG_WARN_DIRECT_OBJC_ISA_USAGE = YES_ERROR;
				CLANG_WARN_DOCUMENTATION_COMMENTS = YES;
				CLANG_WARN_EMPTY_BODY = YES;
				CLANG_WARN_ENUM_CONVERSION = YES;
				CLANG_WARN_INFINITE_RECURSION = YES;
				CLANG_WARN_INT_CONVERSION = YES;
				CLANG_WARN_NON_LITERAL_NULL_CONVERSION = YES;
				CLANG_WARN_OBJC_IMPLICIT_RETAIN_SELF = YES;
				CLANG_WARN_OBJC_LITERAL_CONVERSION = YES;
				CLANG_WARN_OBJC_ROOT_CLASS = YES_ERROR;
				CLANG_WARN_RANGE_LOOP_ANALYSIS = YES;
				CLANG_WARN_STRICT_PROTOTYPES = YES;
				CLANG_WARN_SUSPICIOUS_MOVE = YES;
				CLANG_WARN_UNGUARDED_AVAILABILITY = YES_AGGRESSIVE;
				CLANG_WARN_UNREACHABLE_CODE = YES;
				CLANG_WARN__DUPLICATE_METHOD_MATCH = YES;
				CODE_SIGN_IDENTITY = "iPhone Developer";
				COPY_PHASE_STRIP = NO;
				DEBUG_INFORMATION_FORMAT = "dwarf-with-dsym";
				ENABLE_NS_ASSERTIONS = NO;
				ENABLE_STRICT_OBJC_MSGSEND = YES;
				GCC_C_LANGUAGE_STANDARD = gnu11;
				GCC_NO_COMMON_BLOCKS = YES;
				GCC_WARN_64_TO_32_BIT_CONVERSION = YES;
				GCC_WARN_ABOUT_RETURN_TYPE = YES_ERROR;
				GCC_WARN_UNDECLARED_SELECTOR = YES;
				GCC_WARN_UNINITIALIZED_AUTOS = YES_AGGRESSIVE;
				GCC_WARN_UNUSED_FUNCTION = YES;
				GCC_WARN_UNUSED_VARIABLE = YES;
				IPHONEOS_DEPLOYMENT_TARGET = 12.1;
				MTL_ENABLE_DEBUG_INFO = NO;
				MTL_FAST_MATH = YES;
				SDKROOT = iphoneos;
				SWIFT_COMPILATION_MODE = wholemodule;
				SWIFT_OPTIMIZATION_LEVEL = "-O";
				VALIDATE_PRODUCT = YES;
			};
			name = Release;
		};
		EA8CCE7521BF6287003831C3 /* Debug */ = {
			isa = XCBuildConfiguration;
			baseConfigurationReference = 578F9471F7258DFCFB57E050 /* Pods-FCFAppleWallet.debug.xcconfig */;
			buildSettings = {
				ASSETCATALOG_COMPILER_APPICON_NAME = AppIcon;
				CODE_SIGN_ENTITLEMENTS = FCFAppleWallet/FCFAppleWallet.entitlements;
				CODE_SIGN_STYLE = Automatic;
				DEVELOPMENT_TEAM = HFG85958QC;
				INFOPLIST_FILE = "$(SRCROOT)/FCFAppleWallet/Supports/Info.plist";
				LD_RUNPATH_SEARCH_PATHS = (
					"$(inherited)",
					"@executable_path/Frameworks",
				);
				PRODUCT_BUNDLE_IDENTIFIER = com.fiserv.FCFAppleWallet;
				PRODUCT_NAME = "$(TARGET_NAME)";
				SWIFT_VERSION = 4.2;
				TARGETED_DEVICE_FAMILY = "1,2";
			};
			name = Debug;
		};
		EA8CCE7621BF6287003831C3 /* Release */ = {
			isa = XCBuildConfiguration;
			baseConfigurationReference = 8101AB4E0577777D0896D9D8 /* Pods-FCFAppleWallet.release.xcconfig */;
			buildSettings = {
				ASSETCATALOG_COMPILER_APPICON_NAME = AppIcon;
				CODE_SIGN_ENTITLEMENTS = FCFAppleWallet/FCFAppleWallet.entitlements;
				CODE_SIGN_STYLE = Automatic;
				DEVELOPMENT_TEAM = HFG85958QC;
				INFOPLIST_FILE = "$(SRCROOT)/FCFAppleWallet/Supports/Info.plist";
				LD_RUNPATH_SEARCH_PATHS = (
					"$(inherited)",
					"@executable_path/Frameworks",
				);
				PRODUCT_BUNDLE_IDENTIFIER = com.fiserv.FCFAppleWallet;
				PRODUCT_NAME = "$(TARGET_NAME)";
				SWIFT_VERSION = 4.2;
				TARGETED_DEVICE_FAMILY = "1,2";
			};
			name = Release;
		};
/* End XCBuildConfiguration section */

/* Begin XCConfigurationList section */
		EA8CCE5D21BF6286003831C3 /* Build configuration list for PBXProject "FCFAppleWallet" */ = {
			isa = XCConfigurationList;
			buildConfigurations = (
				EA8CCE7221BF6287003831C3 /* Debug */,
				EA8CCE7321BF6287003831C3 /* Release */,
			);
			defaultConfigurationIsVisible = 0;
			defaultConfigurationName = Release;
		};
		EA8CCE7421BF6287003831C3 /* Build configuration list for PBXNativeTarget "FCFAppleWallet" */ = {
			isa = XCConfigurationList;
			buildConfigurations = (
				EA8CCE7521BF6287003831C3 /* Debug */,
				EA8CCE7621BF6287003831C3 /* Release */,
			);
			defaultConfigurationIsVisible = 0;
			defaultConfigurationName = Release;
		};
/* End XCConfigurationList section */
	};
	rootObject = EA8CCE5A21BF6286003831C3 /* Project object */;
}
